
Microsoft Visual Studio Solution File, Format Version 12.00
# Visual Studio Version 17
VisualStudioVersion = 17.5.002.0
MinimumVisualStudioVersion = 10.0.40219.1
Project("{9A19103F-16F7-4668-BE54-9A1E7A4F7556}") = "Task1", "Task1.csproj", "{185A2AAF-EA41-4181-9CE4-F1A78CC8C3BA}"
EndProject
Global
	GlobalSection(SolutionConfigurationPlatforms) = preSolution
		Debug|Any CPU = Debug|Any CPU
		Release|Any CPU = Release|Any CPU
	EndGlobalSection
	GlobalSection(ProjectConfigurationPlatforms) = postSolution
		{185A2AAF-EA41-4181-9CE4-F1A78CC8C3BA}.Debug|Any CPU.ActiveCfg = Debug|Any CPU
		{185A2AAF-EA41-4181-9CE4-F1A78CC8C3BA}.Debug|Any CPU.Build.0 = Debug|Any CPU
		{185A2AAF-EA41-4181-9CE4-F1A78CC8C3BA}.Release|Any CPU.ActiveCfg = Release|Any CPU
		{185A2AAF-EA41-4181-9CE4-F1A78CC8C3BA}.Release|Any CPU.Build.0 = Release|Any CPU
	EndGlobalSection
	GlobalSection(SolutionProperties) = preSolution
		HideSolutionNode = FALSE
	EndGlobalSection
	GlobalSection(ExtensibilityGlobals) = postSolution
		SolutionGuid = {493E18BC-6DE2-44D1-B128-2D58A9075022}
	EndGlobalSection
EndGlobal
